
Microsoft Visual Studio Solution File, Format Version 12.00
# Visual Studio Version 17
VisualStudioVersion = 17.10.35013.160
MinimumVisualStudioVersion = 10.0.40219.1
Project("{FAE04EC0-301F-11D3-BF4B-00C04F79EFBC}") = "DZ3", "DZ3.csproj", "{61F92622-0399-442B-A3DE-C338A6A34EE6}"
EndProject
Global
	GlobalSection(SolutionConfigurationPlatforms) = preSolution
		Debug|Any CPU = Debug|Any CPU
		Release|Any CPU = Release|Any CPU
	EndGlobalSection
	GlobalSection(ProjectConfigurationPlatforms) = postSolution
		{61F92622-0399-442B-A3DE-C338A6A34EE6}.Debug|Any CPU.ActiveCfg = Debug|Any CPU
		{61F92622-0399-442B-A3DE-C338A6A34EE6}.Debug|Any CPU.Build.0 = Debug|Any CPU
		{61F92622-0399-442B-A3DE-C338A6A34EE6}.Release|Any CPU.ActiveCfg = Release|Any CPU
		{61F92622-0399-442B-A3DE-C338A6A34EE6}.Release|Any CPU.Build.0 = Release|Any CPU
	EndGlobalSection
	GlobalSection(SolutionProperties) = preSolution
		HideSolutionNode = FALSE
	EndGlobalSection
	GlobalSection(ExtensibilityGlobals) = postSolution
		SolutionGuid = {C4EA17C2-1744-4083-88F7-751CD62E0B7E}
	EndGlobalSection
EndGlobal
